{
  "name": "graphql-lt",
  "lockfileVersion": 2,
  "requires": true,
  "packages": {
    "": {
      "dependencies": {
        "graphql": "^15.5.1"
      }
    },
    "node_modules/graphql": {
      "version": "15.5.1",
      "resolved": "https://woodside-278364088108.d.codeartifact.ap-southeast-2.amazonaws.com:443/npm/DefaultCodeArtifactRepository-136571999600/graphql/-/graphql-15.5.1.tgz",
      "integrity": "sha512-FeTRX67T3LoE3LWAxxOlW2K3Bz+rMYAC18rRguK4wgXaTZMiJwSUwDmPFo3UadAKbzirKIg5Qy+sNJXbpPRnQw==",
      "engines": {
        "node": ">= 10.x"
      }
    }
  },
  "dependencies": {
    "graphql": {
      "version": "15.5.1",
      "resolved": "https://woodside-278364088108.d.codeartifact.ap-southeast-2.amazonaws.com:443/npm/DefaultCodeArtifactRepository-136571999600/graphql/-/graphql-15.5.1.tgz",
      "integrity": "sha512-FeTRX67T3LoE3LWAxxOlW2K3Bz+rMYAC18rRguK4wgXaTZMiJwSUwDmPFo3UadAKbzirKIg5Qy+sNJXbpPRnQw=="
    }
  }
}
